
Microsoft Visual Studio Solution File, Format Version 12.00
# Visual Studio Version 17
VisualStudioVersion = 17.1.32407.343
MinimumVisualStudioVersion = 10.0.40219.1
Project("{FAE04EC0-301F-11D3-BF4B-00C04F79EFBC}") = "Client_Refactored", "Client_Refactored\Client_Refactored.csproj", "{007976D3-6BA1-4C7A-B284-8CA3452EEC3C}"
EndProject
Global
	GlobalSection(SolutionConfigurationPlatforms) = preSolution
		Debug|Any CPU = Debug|Any CPU
		Release|Any CPU = Release|Any CPU
	EndGlobalSection
	GlobalSection(ProjectConfigurationPlatforms) = postSolution
		{007976D3-6BA1-4C7A-B284-8CA3452EEC3C}.Debug|Any CPU.ActiveCfg = Debug|Any CPU
		{007976D3-6BA1-4C7A-B284-8CA3452EEC3C}.Debug|Any CPU.Build.0 = Debug|Any CPU
		{007976D3-6BA1-4C7A-B284-8CA3452EEC3C}.Release|Any CPU.ActiveCfg = Release|Any CPU
		{007976D3-6BA1-4C7A-B284-8CA3452EEC3C}.Release|Any CPU.Build.0 = Release|Any CPU
	EndGlobalSection
	GlobalSection(SolutionProperties) = preSolution
		HideSolutionNode = FALSE
	EndGlobalSection
	GlobalSection(ExtensibilityGlobals) = postSolution
		SolutionGuid = {11CE3594-4C29-4D1B-9E1A-705315D57A27}
	EndGlobalSection
EndGlobal
